{
  "name": "redirect_http_to_https",
  "version": "1.0.0",
  "lockfileVersion": 3,
  "requires": true,
  "packages": {
    "": {
      "name": "redirect_http_to_https",
      "version": "1.0.0",
      "license": "MIT",
      "dependencies": {
        "socketnaut": "^1.1.0"
      },
      "devDependencies": {
        "@types/node": "^20.5.7",
        "typescript": "^5.2.2"
      }
    },
    "node_modules/@types/node": {
      "version": "20.8.7",
      "resolved": "https://registry.npmjs.org/@types/node/-/node-20.8.7.tgz",
      "integrity": "sha512-21TKHHh3eUHIi2MloeptJWALuCu5H7HQTdTrWIFReA8ad+aggoX+lRes3ex7/FtpC+sVUpFMQ+QTfYr74mruiQ==",
      "dev": true,
      "dependencies": {
        "undici-types": "~5.25.1"
      }
    },
    "node_modules/memoir": {
      "version": "2.0.6",
      "resolved": "https://registry.npmjs.org/memoir/-/memoir-2.0.6.tgz",
      "integrity": "sha512-ZJSAjzT0MYxdHugIl/jqkB/jQHPQKCrzIwNDgtURWAy4sTI71DONp+Uga4z4YZoRY3QM+0sePZ5sIrJxFsNUdA=="
    },
    "node_modules/port_agent": {
      "version": "1.3.0",
      "resolved": "https://registry.npmjs.org/port_agent/-/port_agent-1.3.0.tgz",
      "integrity": "sha512-l+yyw5hHC9us/l+eCLRqkzJTMM3XkLaKZVSZp9E5S7KIEHXsI08v0oNLL1hfrZkKtuBeB9Uu0LH/BxbZcCpmIg=="
    },
    "node_modules/socketnaut": {
      "version": "1.3.3",
      "resolved": "https://registry.npmjs.org/socketnaut/-/socketnaut-1.3.3.tgz",
      "integrity": "sha512-D0RYCvkEe8VYmZUh9DsTa10F81GuEFlRuOdqv9s0U7nbxDPF2rLmADk6OZT3arSkuuWI5pNMYw21NaCunaBjLg==",
      "dependencies": {
        "memoir": "^2.0.0",
        "port_agent": "^1.0.0"
      },
      "engines": {
        "node": ">=18.1.0"
      }
    },
    "node_modules/typescript": {
      "version": "5.2.2",
      "resolved": "https://registry.npmjs.org/typescript/-/typescript-5.2.2.tgz",
      "integrity": "sha512-mI4WrpHsbCIcwT9cF4FZvr80QUeKvsUsUvKDoR+X/7XHQH98xYD8YHZg7ANtz2GtZt/CBq2QJ0thkGJMHfqc1w==",
      "dev": true,
      "bin": {
        "tsc": "bin/tsc",
        "tsserver": "bin/tsserver"
      },
      "engines": {
        "node": ">=14.17"
      }
    },
    "node_modules/undici-types": {
      "version": "5.25.3",
      "resolved": "https://registry.npmjs.org/undici-types/-/undici-types-5.25.3.tgz",
      "integrity": "sha512-Ga1jfYwRn7+cP9v8auvEXN1rX3sWqlayd4HP7OKk4mZWylEmu3KzXDUGrQUN6Ol7qo1gPvB2e5gX6udnyEPgdA==",
      "dev": true
    }
  }
}
