{
  "name": "redirect_http_to_https",
  "version": "1.0.0",
  "lockfileVersion": 3,
  "requires": true,
  "packages": {
    "": {
      "name": "redirect_http_to_https",
      "version": "1.0.0",
      "license": "MIT",
      "dependencies": {
        "socketnaut": "^1.1.0"
      },
      "devDependencies": {
        "@types/node": "^20.5.7",
        "typescript": "^5.2.2"
      }
    },
    "node_modules/@types/node": {
      "version": "20.6.3",
      "resolved": "https://registry.npmjs.org/@types/node/-/node-20.6.3.tgz",
      "integrity": "sha512-HksnYH4Ljr4VQgEy2lTStbCKv/P590tmPe5HqOnv9Gprffgv5WXAY+Y5Gqniu0GGqeTCUdBnzC3QSrzPkBkAMA==",
      "dev": true
    },
    "node_modules/memoir": {
      "version": "2.0.3",
      "resolved": "https://registry.npmjs.org/memoir/-/memoir-2.0.3.tgz",
      "integrity": "sha512-6QKGvV/Psq3xfav4BvoJLFIp8Qt89epRtbe5aRXC+r+oM5VrP/QLxFO1jTO6IX78Cc0SpMWI9zbu9zpw6QBYpQ=="
    },
    "node_modules/port_agent": {
      "version": "1.2.1",
      "resolved": "https://registry.npmjs.org/port_agent/-/port_agent-1.2.1.tgz",
      "integrity": "sha512-GZXsFeYO23wKNP9npLFcVJ5ku+9VJWg6UkVC0m6ClXRyOGoyc61mgVpdUJ+nPj2KIVpvvyYeaHb2Q6kSqV/swg=="
    },
    "node_modules/socketnaut": {
      "version": "1.2.6",
      "resolved": "https://registry.npmjs.org/socketnaut/-/socketnaut-1.2.6.tgz",
      "integrity": "sha512-fd/CZ9bDPUgq4jFSfeOFzPK1KPjyH+ZNSs9jYj9XPyeUZPJgZetOju5pRRpS5I9LibgXXh+U8CoSsCVGQYyABw==",
      "dependencies": {
        "memoir": "^2.0.0",
        "port_agent": "^1.0.0"
      },
      "engines": {
        "node": ">=18.1.0"
      }
    },
    "node_modules/typescript": {
      "version": "5.2.2",
      "resolved": "https://registry.npmjs.org/typescript/-/typescript-5.2.2.tgz",
      "integrity": "sha512-mI4WrpHsbCIcwT9cF4FZvr80QUeKvsUsUvKDoR+X/7XHQH98xYD8YHZg7ANtz2GtZt/CBq2QJ0thkGJMHfqc1w==",
      "dev": true,
      "bin": {
        "tsc": "bin/tsc",
        "tsserver": "bin/tsserver"
      },
      "engines": {
        "node": ">=14.17"
      }
    }
  }
}
