{
  "name": "redirect_http_to_https",
  "version": "1.0.0",
  "lockfileVersion": 3,
  "requires": true,
  "packages": {
    "": {
      "name": "redirect_http_to_https",
      "version": "1.0.0",
      "license": "MIT",
      "dependencies": {
        "socketnaut": "^1.1.0"
      },
      "devDependencies": {
        "@types/node": "^20.5.7",
        "typescript": "^5.2.2"
      }
    },
    "node_modules/@farar/nodes": {
      "version": "1.0.1",
      "resolved": "https://registry.npmjs.org/@farar/nodes/-/nodes-1.0.1.tgz",
      "integrity": "sha512-S25cdRSIF33SFUZSA5QQF6HGb33tSkHJY6hamGiIhG2Y29EEsxL2I+wUWhykhbE25fRibhy1XQ5QfNiTsuaJzQ==",
      "license": "MIT",
      "engines": {
        "node": ">=18.20.4",
        "npm": ">=10.2.3"
      }
    },
    "node_modules/@types/node": {
      "version": "20.17.10",
      "resolved": "https://registry.npmjs.org/@types/node/-/node-20.17.10.tgz",
      "integrity": "sha512-/jrvh5h6NXhEauFFexRin69nA0uHJ5gwk4iDivp/DeoEua3uwCUto6PC86IpRITBOs4+6i2I56K5x5b6WYGXHA==",
      "dev": true,
      "license": "MIT",
      "dependencies": {
        "undici-types": "~6.19.2"
      }
    },
    "node_modules/port_agent": {
      "version": "1.4.0",
      "resolved": "https://registry.npmjs.org/port_agent/-/port_agent-1.4.0.tgz",
      "integrity": "sha512-yTL92orjXLQWbUI+4byXayjTh5bEb+jmDnZ8Fgptwi21UgKr0FYV+TxlLtyB/azajRGy5CE831VQ9P7hcEVlWg==",
      "license": "MIT"
    },
    "node_modules/socketnaut": {
      "version": "1.5.3",
      "resolved": "https://registry.npmjs.org/socketnaut/-/socketnaut-1.5.3.tgz",
      "integrity": "sha512-J3UYrMnVDJphjz35UAG7w7Cvqhes6m1PBZPKk16ZNABQMa2KxBEhHvsmIZ3flRi56RG7GygFjZ7cNjfo4H5MkQ==",
      "license": "MIT",
      "dependencies": {
        "port_agent": "^1.0.0",
        "streams-logger": "^1.4.0"
      },
      "engines": {
        "node": ">=18.1.0"
      }
    },
    "node_modules/streams-logger": {
      "version": "1.4.3",
      "resolved": "https://registry.npmjs.org/streams-logger/-/streams-logger-1.4.3.tgz",
      "integrity": "sha512-GjthhzdX5A/V1seWmWQkZljSsHNkR1b/GikcuslwxV60+anR8nCnDjZ7P2/G50OqU5W5Jl4vBiGLHSMTbB9T0Q==",
      "license": "MIT",
      "dependencies": {
        "@farar/nodes": "^1.0.0"
      },
      "engines": {
        "node": ">=18.20.4",
        "npm": ">=10.2.3"
      }
    },
    "node_modules/typescript": {
      "version": "5.7.2",
      "resolved": "https://registry.npmjs.org/typescript/-/typescript-5.7.2.tgz",
      "integrity": "sha512-i5t66RHxDvVN40HfDd1PsEThGNnlMCMT3jMUuoh9/0TaqWevNontacunWyN02LA9/fIbEWlcHZcgTKb9QoaLfg==",
      "dev": true,
      "license": "Apache-2.0",
      "bin": {
        "tsc": "bin/tsc",
        "tsserver": "bin/tsserver"
      },
      "engines": {
        "node": ">=14.17"
      }
    },
    "node_modules/undici-types": {
      "version": "6.19.8",
      "resolved": "https://registry.npmjs.org/undici-types/-/undici-types-6.19.8.tgz",
      "integrity": "sha512-ve2KP6f/JnbPBFyobGHuerC9g1FYGn/F8n1LWTwNxCEzd6IfqTwUQcNXgEtmmQ6DlRrC1hrSrBnCZPokRrDHjw==",
      "dev": true,
      "license": "MIT"
    }
  }
}
