{
  "name": "tls_proxy_and_http_redirect",
  "version": "1.0.0",
  "lockfileVersion": 3,
  "requires": true,
  "packages": {
    "": {
      "name": "tls_proxy_and_http_redirect",
      "version": "1.0.0",
      "license": "MIT",
      "dependencies": {
        "socketnaut": "^1.1.1"
      }
    },
    "node_modules/memoir": {
      "version": "2.0.2",
      "resolved": "https://registry.npmjs.org/memoir/-/memoir-2.0.2.tgz",
      "integrity": "sha512-DE+lbnpUVXi9KlPbqTfhVZm5jx/BHrt0wstaEWQb7iYPgUGu4qvC/BAhLLDlSzhtY4JVbEgMjfyClqE8BDZqdg=="
    },
    "node_modules/port_agent": {
      "version": "1.1.3",
      "resolved": "https://registry.npmjs.org/port_agent/-/port_agent-1.1.3.tgz",
      "integrity": "sha512-lx2bixCxN4a6oTLZRkSZNY2/StutJuPhu43bWRNDp3geIVsVKTDfdGE6oIekHAaneUw50LUnbk8i/iSiE/fFMA=="
    },
    "node_modules/socketnaut": {
      "version": "1.1.1",
      "resolved": "https://registry.npmjs.org/socketnaut/-/socketnaut-1.1.1.tgz",
      "integrity": "sha512-uUE36UhxcOSHT3Rc2Cp7L/5qY/E2UxYCYdu5P+lZmbwumpSEnjClmsOFcxvgzXSa2Om4P3WGkPNXxmXBE7ERWg==",
      "dependencies": {
        "memoir": "^2.0.0",
        "port_agent": "^1.0.0"
      },
      "engines": {
        "node": ">=18.1.0"
      }
    }
  }
}
