{
  "name": "hello_world",
  "version": "1.0.0",
  "lockfileVersion": 3,
  "requires": true,
  "packages": {
    "": {
      "name": "hello_world",
      "version": "1.0.0",
      "license": "MIT",
      "dependencies": {
        "socketnaut": "^1.1.0"
      }
    },
    "node_modules/memoir": {
      "version": "2.0.3",
      "resolved": "https://registry.npmjs.org/memoir/-/memoir-2.0.3.tgz",
      "integrity": "sha512-6QKGvV/Psq3xfav4BvoJLFIp8Qt89epRtbe5aRXC+r+oM5VrP/QLxFO1jTO6IX78Cc0SpMWI9zbu9zpw6QBYpQ=="
    },
    "node_modules/port_agent": {
      "version": "1.2.0",
      "resolved": "https://registry.npmjs.org/port_agent/-/port_agent-1.2.0.tgz",
      "integrity": "sha512-qW2coptvgAMOdsly71Yc1uNUVfSTvfa7nqHxzHnwWKMTV3tTm8jXSpryIUubOydDPKkD/casv4+EN1Vs99BWUA=="
    },
    "node_modules/socketnaut": {
      "version": "1.2.3",
      "resolved": "https://registry.npmjs.org/socketnaut/-/socketnaut-1.2.3.tgz",
      "integrity": "sha512-x3UDQZ6u8YOwPY6ODmYc6DVUcnTBm1krKOuiepa9WPNLuKp1jhVwIJBUppMg44qlyolZo8NLTUfj0L9cmmyBfg==",
      "dependencies": {
        "memoir": "^2.0.0",
        "port_agent": "^1.0.0"
      },
      "engines": {
        "node": ">=18.1.0"
      }
    }
  }
}
