{
  "name": "hello_world",
  "version": "1.0.0",
  "lockfileVersion": 3,
  "requires": true,
  "packages": {
    "": {
      "name": "hello_world",
      "version": "1.0.0",
      "license": "MIT",
      "dependencies": {
        "socketnaut": "^1.1.0"
      }
    },
    "node_modules/@farar/nodes": {
      "version": "1.0.1",
      "resolved": "https://registry.npmjs.org/@farar/nodes/-/nodes-1.0.1.tgz",
      "integrity": "sha512-S25cdRSIF33SFUZSA5QQF6HGb33tSkHJY6hamGiIhG2Y29EEsxL2I+wUWhykhbE25fRibhy1XQ5QfNiTsuaJzQ==",
      "license": "MIT",
      "engines": {
        "node": ">=18.20.4",
        "npm": ">=10.2.3"
      }
    },
    "node_modules/port_agent": {
      "version": "1.4.0",
      "resolved": "https://registry.npmjs.org/port_agent/-/port_agent-1.4.0.tgz",
      "integrity": "sha512-yTL92orjXLQWbUI+4byXayjTh5bEb+jmDnZ8Fgptwi21UgKr0FYV+TxlLtyB/azajRGy5CE831VQ9P7hcEVlWg==",
      "license": "MIT"
    },
    "node_modules/socketnaut": {
      "version": "1.5.3",
      "resolved": "https://registry.npmjs.org/socketnaut/-/socketnaut-1.5.3.tgz",
      "integrity": "sha512-J3UYrMnVDJphjz35UAG7w7Cvqhes6m1PBZPKk16ZNABQMa2KxBEhHvsmIZ3flRi56RG7GygFjZ7cNjfo4H5MkQ==",
      "license": "MIT",
      "dependencies": {
        "port_agent": "^1.0.0",
        "streams-logger": "^1.4.0"
      },
      "engines": {
        "node": ">=18.1.0"
      }
    },
    "node_modules/streams-logger": {
      "version": "1.4.3",
      "resolved": "https://registry.npmjs.org/streams-logger/-/streams-logger-1.4.3.tgz",
      "integrity": "sha512-GjthhzdX5A/V1seWmWQkZljSsHNkR1b/GikcuslwxV60+anR8nCnDjZ7P2/G50OqU5W5Jl4vBiGLHSMTbB9T0Q==",
      "license": "MIT",
      "dependencies": {
        "@farar/nodes": "^1.0.0"
      },
      "engines": {
        "node": ">=18.20.4",
        "npm": ">=10.2.3"
      }
    }
  }
}
