{
  "name": "hello_world",
  "version": "1.0.0",
  "lockfileVersion": 3,
  "requires": true,
  "packages": {
    "": {
      "name": "hello_world",
      "version": "1.0.0",
      "license": "MIT",
      "dependencies": {
        "socketnaut": "^1.1.0"
      }
    },
    "node_modules/memoir": {
      "version": "2.0.4",
      "resolved": "https://registry.npmjs.org/memoir/-/memoir-2.0.4.tgz",
      "integrity": "sha512-7SEa9Z1hmq0YCACtKQMPR+S49jqSkQszKWzL9zFh4CI/byXZ0Ji95v+eUwZPs1sA1TkdEi2ImLK8CjZ1wp50cg=="
    },
    "node_modules/port_agent": {
      "version": "1.2.1",
      "resolved": "https://registry.npmjs.org/port_agent/-/port_agent-1.2.1.tgz",
      "integrity": "sha512-GZXsFeYO23wKNP9npLFcVJ5ku+9VJWg6UkVC0m6ClXRyOGoyc61mgVpdUJ+nPj2KIVpvvyYeaHb2Q6kSqV/swg=="
    },
    "node_modules/socketnaut": {
      "version": "1.3.0",
      "resolved": "https://registry.npmjs.org/socketnaut/-/socketnaut-1.3.0.tgz",
      "integrity": "sha512-Mw8RTLlMEjrfogbrS2npzNmx6yS8f+ZkS1gfIU6Hl+hSTaeMCvKXCoNZT9Mg0WfHixSj+HMrj/804gk9O4xnPg==",
      "dependencies": {
        "memoir": "^2.0.0",
        "port_agent": "^1.0.0"
      },
      "engines": {
        "node": ">=18.1.0"
      }
    }
  }
}
